
Microsoft Visual Studio Solution File, Format Version 12.00
# Visual Studio 15
VisualStudioVersion = 15.0.26430.15
MinimumVisualStudioVersion = 10.0.40219.1
Project("{FAE04EC0-301F-11D3-BF4B-00C04F79EFBC}") = "PokemonLib", "PokemonLib\PokemonLib.csproj", "{9388A570-9466-40B3-A2A1-50DE2481C2E8}"
EndProject
Project("{FAE04EC0-301F-11D3-BF4B-00C04F79EFBC}") = "CS283-Homework1", "..\CS283-Homework1\CS283-Homework1\CS283-Homework1.csproj", "{56912322-CBFA-4753-AB97-76B337593920}"
EndProject
Global
	GlobalSection(SolutionConfigurationPlatforms) = preSolution
		Debug|Any CPU = Debug|Any CPU
		Release|Any CPU = Release|Any CPU
	EndGlobalSection
	GlobalSection(ProjectConfigurationPlatforms) = postSolution
		{9388A570-9466-40B3-A2A1-50DE2481C2E8}.Debug|Any CPU.ActiveCfg = Debug|Any CPU
		{9388A570-9466-40B3-A2A1-50DE2481C2E8}.Debug|Any CPU.Build.0 = Debug|Any CPU
		{9388A570-9466-40B3-A2A1-50DE2481C2E8}.Release|Any CPU.ActiveCfg = Release|Any CPU
		{9388A570-9466-40B3-A2A1-50DE2481C2E8}.Release|Any CPU.Build.0 = Release|Any CPU
		{56912322-CBFA-4753-AB97-76B337593920}.Debug|Any CPU.ActiveCfg = Debug|Any CPU
		{56912322-CBFA-4753-AB97-76B337593920}.Debug|Any CPU.Build.0 = Debug|Any CPU
		{56912322-CBFA-4753-AB97-76B337593920}.Release|Any CPU.ActiveCfg = Release|Any CPU
		{56912322-CBFA-4753-AB97-76B337593920}.Release|Any CPU.Build.0 = Release|Any CPU
	EndGlobalSection
	GlobalSection(SolutionProperties) = preSolution
		HideSolutionNode = FALSE
	EndGlobalSection
EndGlobal
